// !$*UTF8*$!
{
	archiveVersion = 1;
	classes = {
	};
	objectVersion = 56;
	objects = {

/* Begin PBXBuildFile section */
		2446D0A72900CF1100F2D3BB /* icono1.png in Resources */ = {isa = PBXBuildFile; fileRef = 2446D0A62900CF1100F2D3BB /* icono1.png */; };
		2446D0A92900CF5B00F2D3BB /* icono2.png in Resources */ = {isa = PBXBuildFile; fileRef = 2446D0A82900CF5B00F2D3BB /* icono2.png */; };
		2472B4FD28F1FF4B00ECAC06 /* AppDelegate.swift in Sources */ = {isa = PBXBuildFile; fileRef = 2472B4FC28F1FF4B00ECAC06 /* AppDelegate.swift */; };
		2472B4FF28F1FF4B00ECAC06 /* SceneDelegate.swift in Sources */ = {isa = PBXBuildFile; fileRef = 2472B4FE28F1FF4B00ECAC06 /* SceneDelegate.swift */; };
		2472B50128F1FF4B00ECAC06 /* ViewController.swift in Sources */ = {isa = PBXBuildFile; fileRef = 2472B50028F1FF4B00ECAC06 /* ViewController.swift */; };
		2472B50428F1FF4B00ECAC06 /* Main.storyboard in Resources */ = {isa = PBXBuildFile; fileRef = 2472B50228F1FF4B00ECAC06 /* Main.storyboard */; };
		2472B50728F1FF4B00ECAC06 /* Signa.xcdatamodeld in Sources */ = {isa = PBXBuildFile; fileRef = 2472B50528F1FF4B00ECAC06 /* Signa.xcdatamodeld */; };
		2472B50928F1FF4C00ECAC06 /* Assets.xcassets in Resources */ = {isa = PBXBuildFile; fileRef = 2472B50828F1FF4C00ECAC06 /* Assets.xcassets */; };
		2472B50C28F1FF4C00ECAC06 /* LaunchScreen.storyboard in Resources */ = {isa = PBXBuildFile; fileRef = 2472B50A28F1FF4C00ECAC06 /* LaunchScreen.storyboard */; };
		2472B51728F1FF4D00ECAC06 /* SignaTests.swift in Sources */ = {isa = PBXBuildFile; fileRef = 2472B51628F1FF4D00ECAC06 /* SignaTests.swift */; };
		2472B52128F1FF4D00ECAC06 /* SignaUITests.swift in Sources */ = {isa = PBXBuildFile; fileRef = 2472B52028F1FF4D00ECAC06 /* SignaUITests.swift */; };
		2472B52328F1FF4D00ECAC06 /* SignaUITestsLaunchTests.swift in Sources */ = {isa = PBXBuildFile; fileRef = 2472B52228F1FF4D00ECAC06 /* SignaUITestsLaunchTests.swift */; };
/* End PBXBuildFile section */

/* Begin PBXContainerItemProxy section */
		2472B51328F1FF4D00ECAC06 /* PBXContainerItemProxy */ = {
			isa = PBXContainerItemProxy;
			containerPortal = 2472B4F128F1FF4B00ECAC06 /* Project object */;
			proxyType = 1;
			remoteGlobalIDString = 2472B4F828F1FF4B00ECAC06;
			remoteInfo = Signa;
		};
		2472B51D28F1FF4D00ECAC06 /* PBXContainerItemProxy */ = {
			isa = PBXContainerItemProxy;
			containerPortal = 2472B4F128F1FF4B00ECAC06 /* Project object */;
			proxyType = 1;
			remoteGlobalIDString = 2472B4F828F1FF4B00ECAC06;
			remoteInfo = Signa;
		};
/* End PBXContainerItemProxy section */

/* Begin PBXFileReference section */
		2446D0A62900CF1100F2D3BB /* icono1.png */ = {isa = PBXFileReference; lastKnownFileType = image.png; name = icono1.png; path = Img/icono1.png; sourceTree = "<group>"; };
		2446D0A82900CF5B00F2D3BB /* icono2.png */ = {isa = PBXFileReference; lastKnownFileType = image.png; path = icono2.png; sourceTree = "<group>"; };
		2472B4F928F1FF4B00ECAC06 /* Signa.app */ = {isa = PBXFileReference; explicitFileType = wrapper.application; includeInIndex = 0; path = Signa.app; sourceTree = BUILT_PRODUCTS_DIR; };
		2472B4FC28F1FF4B00ECAC06 /* AppDelegate.swift */ = {isa = PBXFileReference; lastKnownFileType = sourcecode.swift; path = AppDelegate.swift; sourceTree = "<group>"; };
		2472B4FE28F1FF4B00ECAC06 /* SceneDelegate.swift */ = {isa = PBXFileReference; lastKnownFileType = sourcecode.swift; path = SceneDelegate.swift; sourceTree = "<group>"; };
		2472B50028F1FF4B00ECAC06 /* ViewController.swift */ = {isa = PBXFileReference; lastKnownFileType = sourcecode.swift; path = ViewController.swift; sourceTree = "<group>"; };
		2472B50328F1FF4B00ECAC06 /* Base */ = {isa = PBXFileReference; lastKnownFileType = file.storyboard; name = Base; path = Base.lproj/Main.storyboard; sourceTree = "<group>"; };
		2472B50628F1FF4B00ECAC06 /* Signa.xcdatamodel */ = {isa = PBXFileReference; lastKnownFileType = wrapper.xcdatamodel; path = Signa.xcdatamodel; sourceTree = "<group>"; };
		2472B50828F1FF4C00ECAC06 /* Assets.xcassets */ = {isa = PBXFileReference; lastKnownFileType = folder.assetcatalog; path = Assets.xcassets; sourceTree = "<group>"; };
		2472B50B28F1FF4C00ECAC06 /* Base */ = {isa = PBXFileReference; lastKnownFileType = file.storyboard; name = Base; path = Base.lproj/LaunchScreen.storyboard; sourceTree = "<group>"; };
		2472B50D28F1FF4C00ECAC06 /* Info.plist */ = {isa = PBXFileReference; lastKnownFileType = text.plist.xml; path = Info.plist; sourceTree = "<group>"; };
		2472B51228F1FF4D00ECAC06 /* SignaTests.xctest */ = {isa = PBXFileReference; explicitFileType = wrapper.cfbundle; includeInIndex = 0; path = SignaTests.xctest; sourceTree = BUILT_PRODUCTS_DIR; };
		2472B51628F1FF4D00ECAC06 /* SignaTests.swift */ = {isa = PBXFileReference; lastKnownFileType = sourcecode.swift; path = SignaTests.swift; sourceTree = "<group>"; };
		2472B51C28F1FF4D00ECAC06 /* SignaUITests.xctest */ = {isa = PBXFileReference; explicitFileType = wrapper.cfbundle; includeInIndex = 0; path = SignaUITests.xctest; sourceTree = BUILT_PRODUCTS_DIR; };
		2472B52028F1FF4D00ECAC06 /* SignaUITests.swift */ = {isa = PBXFileReference; lastKnownFileType = sourcecode.swift; path = SignaUITests.swift; sourceTree = "<group>"; };
		2472B52228F1FF4D00ECAC06 /* SignaUITestsLaunchTests.swift */ = {isa = PBXFileReference; lastKnownFileType = sourcecode.swift; path = SignaUITestsLaunchTests.swift; sourceTree = "<group>"; };
/* End PBXFileReference section */

/* Begin PBXFrameworksBuildPhase section */
		2472B4F628F1FF4B00ECAC06 /* Frameworks */ = {
			isa = PBXFrameworksBuildPhase;
			buildActionMask = 2147483647;
			files = (
			);
			runOnlyForDeploymentPostprocessing = 0;
		};
		2472B50F28F1FF4D00ECAC06 /* Frameworks */ = {
			isa = PBXFrameworksBuildPhase;
			buildActionMask = 2147483647;
			files = (
			);
			runOnlyForDeploymentPostprocessing = 0;
		};
		2472B51928F1FF4D00ECAC06 /* Frameworks */ = {
			isa = PBXFrameworksBuildPhase;
			buildActionMask = 2147483647;
			files = (
			);
			runOnlyForDeploymentPostprocessing = 0;
		};
/* End PBXFrameworksBuildPhase section */

/* Begin PBXGroup section */
		2472B4F028F1FF4B00ECAC06 = {
			isa = PBXGroup;
			children = (
				2446D0A82900CF5B00F2D3BB /* icono2.png */,
				2446D0A62900CF1100F2D3BB /* icono1.png */,
				2472B4FB28F1FF4B00ECAC06 /* Signa */,
				2472B51528F1FF4D00ECAC06 /* SignaTests */,
				2472B51F28F1FF4D00ECAC06 /* SignaUITests */,
				2472B4FA28F1FF4B00ECAC06 /* Products */,
			);
			sourceTree = "<group>";
		};
		2472B4FA28F1FF4B00ECAC06 /* Products */ = {
			isa = PBXGroup;
			children = (
				2472B4F928F1FF4B00ECAC06 /* Signa.app */,
				2472B51228F1FF4D00ECAC06 /* SignaTests.xctest */,
				2472B51C28F1FF4D00ECAC06 /* SignaUITests.xctest */,
			);
			name = Products;
			sourceTree = "<group>";
		};
		2472B4FB28F1FF4B00ECAC06 /* Signa */ = {
			isa = PBXGroup;
			children = (
				2472B4FC28F1FF4B00ECAC06 /* AppDelegate.swift */,
				2472B4FE28F1FF4B00ECAC06 /* SceneDelegate.swift */,
				2472B50028F1FF4B00ECAC06 /* ViewController.swift */,
				2472B50228F1FF4B00ECAC06 /* Main.storyboard */,
				2472B50828F1FF4C00ECAC06 /* Assets.xcassets */,
				2472B50A28F1FF4C00ECAC06 /* LaunchScreen.storyboard */,
				2472B50D28F1FF4C00ECAC06 /* Info.plist */,
				2472B50528F1FF4B00ECAC06 /* Signa.xcdatamodeld */,
			);
			path = Signa;
			sourceTree = "<group>";
		};
		2472B51528F1FF4D00ECAC06 /* SignaTests */ = {
			isa = PBXGroup;
			children = (
				2472B51628F1FF4D00ECAC06 /* SignaTests.swift */,
			);
			path = SignaTests;
			sourceTree = "<group>";
		};
		2472B51F28F1FF4D00ECAC06 /* SignaUITests */ = {
			isa = PBXGroup;
			children = (
				2472B52028F1FF4D00ECAC06 /* SignaUITests.swift */,
				2472B52228F1FF4D00ECAC06 /* SignaUITestsLaunchTests.swift */,
			);
			path = SignaUITests;
			sourceTree = "<group>";
		};
/* End PBXGroup section */

/* Begin PBXNativeTarget section */
		2472B4F828F1FF4B00ECAC06 /* Signa */ = {
			isa = PBXNativeTarget;
			buildConfigurationList = 2472B52628F1FF4D00ECAC06 /* Build configuration list for PBXNativeTarget "Signa" */;
			buildPhases = (
				2472B4F528F1FF4B00ECAC06 /* Sources */,
				2472B4F628F1FF4B00ECAC06 /* Frameworks */,
				2472B4F728F1FF4B00ECAC06 /* Resources */,
			);
			buildRules = (
			);
			dependencies = (
			);
			name = Signa;
			productName = Signa;
			productReference = 2472B4F928F1FF4B00ECAC06 /* Signa.app */;
			productType = "com.apple.product-type.application";
		};
		2472B51128F1FF4D00ECAC06 /* SignaTests */ = {
			isa = PBXNativeTarget;
			buildConfigurationList = 2472B52928F1FF4D00ECAC06 /* Build configuration list for PBXNativeTarget "SignaTests" */;
			buildPhases = (
				2472B50E28F1FF4D00ECAC06 /* Sources */,
				2472B50F28F1FF4D00ECAC06 /* Frameworks */,
				2472B51028F1FF4D00ECAC06 /* Resources */,
			);
			buildRules = (
			);
			dependencies = (
				2472B51428F1FF4D00ECAC06 /* PBXTargetDependency */,
			);
			name = SignaTests;
			productName = SignaTests;
			productReference = 2472B51228F1FF4D00ECAC06 /* SignaTests.xctest */;
			productType = "com.apple.product-type.bundle.unit-test";
		};
		2472B51B28F1FF4D00ECAC06 /* SignaUITests */ = {
			isa = PBXNativeTarget;
			buildConfigurationList = 2472B52C28F1FF4D00ECAC06 /* Build configuration list for PBXNativeTarget "SignaUITests" */;
			buildPhases = (
				2472B51828F1FF4D00ECAC06 /* Sources */,
				2472B51928F1FF4D00ECAC06 /* Frameworks */,
				2472B51A28F1FF4D00ECAC06 /* Resources */,
			);
			buildRules = (
			);
			dependencies = (
				2472B51E28F1FF4D00ECAC06 /* PBXTargetDependency */,
			);
			name = SignaUITests;
			productName = SignaUITests;
			productReference = 2472B51C28F1FF4D00ECAC06 /* SignaUITests.xctest */;
			productType = "com.apple.product-type.bundle.ui-testing";
		};
/* End PBXNativeTarget section */

/* Begin PBXProject section */
		2472B4F128F1FF4B00ECAC06 /* Project object */ = {
			isa = PBXProject;
			attributes = {
				BuildIndependentTargetsInParallel = 1;
				LastSwiftUpdateCheck = 1400;
				LastUpgradeCheck = 1400;
				TargetAttributes = {
					2472B4F828F1FF4B00ECAC06 = {
						CreatedOnToolsVersion = 14.0.1;
					};
					2472B51128F1FF4D00ECAC06 = {
						CreatedOnToolsVersion = 14.0.1;
						TestTargetID = 2472B4F828F1FF4B00ECAC06;
					};
					2472B51B28F1FF4D00ECAC06 = {
						CreatedOnToolsVersion = 14.0.1;
						TestTargetID = 2472B4F828F1FF4B00ECAC06;
					};
				};
			};
			buildConfigurationList = 2472B4F428F1FF4B00ECAC06 /* Build configuration list for PBXProject "Signa" */;
			compatibilityVersion = "Xcode 14.0";
			developmentRegion = en;
			hasScannedForEncodings = 0;
			knownRegions = (
				en,
				Base,
			);
			mainGroup = 2472B4F028F1FF4B00ECAC06;
			productRefGroup = 2472B4FA28F1FF4B00ECAC06 /* Products */;
			projectDirPath = "";
			projectRoot = "";
			targets = (
				2472B4F828F1FF4B00ECAC06 /* Signa */,
				2472B51128F1FF4D00ECAC06 /* SignaTests */,
				2472B51B28F1FF4D00ECAC06 /* SignaUITests */,
			);
		};
/* End PBXProject section */

/* Begin PBXResourcesBuildPhase section */
		2472B4F728F1FF4B00ECAC06 /* Resources */ = {
			isa = PBXResourcesBuildPhase;
			buildActionMask = 2147483647;
			files = (
				2446D0A92900CF5B00F2D3BB /* icono2.png in Resources */,
				2446D0A72900CF1100F2D3BB /* icono1.png in Resources */,
				2472B50C28F1FF4C00ECAC06 /* LaunchScreen.storyboard in Resources */,
				2472B50928F1FF4C00ECAC06 /* Assets.xcassets in Resources */,
				2472B50428F1FF4B00ECAC06 /* Main.storyboard in Resources */,
			);
			runOnlyForDeploymentPostprocessing = 0;
		};
		2472B51028F1FF4D00ECAC06 /* Resources */ = {
			isa = PBXResourcesBuildPhase;
			buildActionMask = 2147483647;
			files = (
			);
			runOnlyForDeploymentPostprocessing = 0;
		};
		2472B51A28F1FF4D00ECAC06 /* Resources */ = {
			isa = PBXResourcesBuildPhase;
			buildActionMask = 2147483647;
			files = (
			);
			runOnlyForDeploymentPostprocessing = 0;
		};
/* End PBXResourcesBuildPhase section */

/* Begin PBXSourcesBuildPhase section */
		2472B4F528F1FF4B00ECAC06 /* Sources */ = {
			isa = PBXSourcesBuildPhase;
			buildActionMask = 2147483647;
			files = (
				2472B50728F1FF4B00ECAC06 /* Signa.xcdatamodeld in Sources */,
				2472B50128F1FF4B00ECAC06 /* ViewController.swift in Sources */,
				2472B4FD28F1FF4B00ECAC06 /* AppDelegate.swift in Sources */,
				2472B4FF28F1FF4B00ECAC06 /* SceneDelegate.swift in Sources */,
			);
			runOnlyForDeploymentPostprocessing = 0;
		};
		2472B50E28F1FF4D00ECAC06 /* Sources */ = {
			isa = PBXSourcesBuildPhase;
			buildActionMask = 2147483647;
			files = (
				2472B51728F1FF4D00ECAC06 /* SignaTests.swift in Sources */,
			);
			runOnlyForDeploymentPostprocessing = 0;
		};
		2472B51828F1FF4D00ECAC06 /* Sources */ = {
			isa = PBXSourcesBuildPhase;
			buildActionMask = 2147483647;
			files = (
				2472B52128F1FF4D00ECAC06 /* SignaUITests.swift in Sources */,
				2472B52328F1FF4D00ECAC06 /* SignaUITestsLaunchTests.swift in Sources */,
			);
			runOnlyForDeploymentPostprocessing = 0;
		};
/* End PBXSourcesBuildPhase section */

/* Begin PBXTargetDependency section */
		2472B51428F1FF4D00ECAC06 /* PBXTargetDependency */ = {
			isa = PBXTargetDependency;
			target = 2472B4F828F1FF4B00ECAC06 /* Signa */;
			targetProxy = 2472B51328F1FF4D00ECAC06 /* PBXContainerItemProxy */;
		};
		2472B51E28F1FF4D00ECAC06 /* PBXTargetDependency */ = {
			isa = PBXTargetDependency;
			target = 2472B4F828F1FF4B00ECAC06 /* Signa */;
			targetProxy = 2472B51D28F1FF4D00ECAC06 /* PBXContainerItemProxy */;
		};
/* End PBXTargetDependency section */

/* Begin PBXVariantGroup section */
		2472B50228F1FF4B00ECAC06 /* Main.storyboard */ = {
			isa = PBXVariantGroup;
			children = (
				2472B50328F1FF4B00ECAC06 /* Base */,
			);
			name = Main.storyboard;
			sourceTree = "<group>";
		};
		2472B50A28F1FF4C00ECAC06 /* LaunchScreen.storyboard */ = {
			isa = PBXVariantGroup;
			children = (
				2472B50B28F1FF4C00ECAC06 /* Base */,
			);
			name = LaunchScreen.storyboard;
			sourceTree = "<group>";
		};
/* End PBXVariantGroup section */

/* Begin XCBuildConfiguration section */
		2472B52428F1FF4D00ECAC06 /* Debug */ = {
			isa = XCBuildConfiguration;
			buildSettings = {
				ALWAYS_SEARCH_USER_PATHS = NO;
				CLANG_ANALYZER_NONNULL = YES;
				CLANG_ANALYZER_NUMBER_OBJECT_CONVERSION = YES_AGGRESSIVE;
				CLANG_CXX_LANGUAGE_STANDARD = "gnu++20";
				CLANG_ENABLE_MODULES = YES;
				CLANG_ENABLE_OBJC_ARC = YES;
				CLANG_ENABLE_OBJC_WEAK = YES;
				CLANG_WARN_BLOCK_CAPTURE_AUTORELEASING = YES;
				CLANG_WARN_BOOL_CONVERSION = YES;
				CLANG_WARN_COMMA = YES;
				CLANG_WARN_CONSTANT_CONVERSION = YES;
				CLANG_WARN_DEPRECATED_OBJC_IMPLEMENTATIONS = YES;
				CLANG_WARN_DIRECT_OBJC_ISA_USAGE = YES_ERROR;
				CLANG_WARN_DOCUMENTATION_COMMENTS = YES;
				CLANG_WARN_EMPTY_BODY = YES;
				CLANG_WARN_ENUM_CONVERSION = YES;
				CLANG_WARN_INFINITE_RECURSION = YES;
				CLANG_WARN_INT_CONVERSION = YES;
				CLANG_WARN_NON_LITERAL_NULL_CONVERSION = YES;
				CLANG_WARN_OBJC_IMPLICIT_RETAIN_SELF = YES;
				CLANG_WARN_OBJC_LITERAL_CONVERSION = YES;
				CLANG_WARN_OBJC_ROOT_CLASS = YES_ERROR;
				CLANG_WARN_QUOTED_INCLUDE_IN_FRAMEWORK_HEADER = YES;
				CLANG_WARN_RANGE_LOOP_ANALYSIS = YES;
				CLANG_WARN_STRICT_PROTOTYPES = YES;
				CLANG_WARN_SUSPICIOUS_MOVE = YES;
				CLANG_WARN_UNGUARDED_AVAILABILITY = YES_AGGRESSIVE;
				CLANG_WARN_UNREACHABLE_CODE = YES;
				CLANG_WARN__DUPLICATE_METHOD_MATCH = YES;
				COPY_PHASE_STRIP = NO;
				DEBUG_INFORMATION_FORMAT = dwarf;
				ENABLE_STRICT_OBJC_MSGSEND = YES;
				ENABLE_TESTABILITY = YES;
				GCC_C_LANGUAGE_STANDARD = gnu11;
				GCC_DYNAMIC_NO_PIC = NO;
				GCC_NO_COMMON_BLOCKS = YES;
				GCC_OPTIMIZATION_LEVEL = 0;
				GCC_PREPROCESSOR_DEFINITIONS = (
					"DEBUG=1",
					"$(inherited)",
				);
				GCC_WARN_64_TO_32_BIT_CONVERSION = YES;
				GCC_WARN_ABOUT_RETURN_TYPE = YES_ERROR;
				GCC_WARN_UNDECLARED_SELECTOR = YES;
				GCC_WARN_UNINITIALIZED_AUTOS = YES_AGGRESSIVE;
				GCC_WARN_UNUSED_FUNCTION = YES;
				GCC_WARN_UNUSED_VARIABLE = YES;
				IPHONEOS_DEPLOYMENT_TARGET = 16.0;
				MTL_ENABLE_DEBUG_INFO = INCLUDE_SOURCE;
				MTL_FAST_MATH = YES;
				ONLY_ACTIVE_ARCH = YES;
				SDKROOT = iphoneos;
				SWIFT_ACTIVE_COMPILATION_CONDITIONS = DEBUG;
				SWIFT_OPTIMIZATION_LEVEL = "-Onone";
			};
			name = Debug;
		};
		2472B52528F1FF4D00ECAC06 /* Release */ = {
			isa = XCBuildConfiguration;
			buildSettings = {
				ALWAYS_SEARCH_USER_PATHS = NO;
				CLANG_ANALYZER_NONNULL = YES;
				CLANG_ANALYZER_NUMBER_OBJECT_CONVERSION = YES_AGGRESSIVE;
				CLANG_CXX_LANGUAGE_STANDARD = "gnu++20";
				CLANG_ENABLE_MODULES = YES;
				CLANG_ENABLE_OBJC_ARC = YES;
				CLANG_ENABLE_OBJC_WEAK = YES;
				CLANG_WARN_BLOCK_CAPTURE_AUTORELEASING = YES;
				CLANG_WARN_BOOL_CONVERSION = YES;
				CLANG_WARN_COMMA = YES;
				CLANG_WARN_CONSTANT_CONVERSION = YES;
				CLANG_WARN_DEPRECATED_OBJC_IMPLEMENTATIONS = YES;
				CLANG_WARN_DIRECT_OBJC_ISA_USAGE = YES_ERROR;
				CLANG_WARN_DOCUMENTATION_COMMENTS = YES;
				CLANG_WARN_EMPTY_BODY = YES;
				CLANG_WARN_ENUM_CONVERSION = YES;
				CLANG_WARN_INFINITE_RECURSION = YES;
				CLANG_WARN_INT_CONVERSION = YES;
				CLANG_WARN_NON_LITERAL_NULL_CONVERSION = YES;
				CLANG_WARN_OBJC_IMPLICIT_RETAIN_SELF = YES;
				CLANG_WARN_OBJC_LITERAL_CONVERSION = YES;
				CLANG_WARN_OBJC_ROOT_CLASS = YES_ERROR;
				CLANG_WARN_QUOTED_INCLUDE_IN_FRAMEWORK_HEADER = YES;
				CLANG_WARN_RANGE_LOOP_ANALYSIS = YES;
				CLANG_WARN_STRICT_PROTOTYPES = YES;
				CLANG_WARN_SUSPICIOUS_MOVE = YES;
				CLANG_WARN_UNGUARDED_AVAILABILITY = YES_AGGRESSIVE;
				CLANG_WARN_UNREACHABLE_CODE = YES;
				CLANG_WARN__DUPLICATE_METHOD_MATCH = YES;
				COPY_PHASE_STRIP = NO;
				DEBUG_INFORMATION_FORMAT = "dwarf-with-dsym";
				ENABLE_NS_ASSERTIONS = NO;
				ENABLE_STRICT_OBJC_MSGSEND = YES;
				GCC_C_LANGUAGE_STANDARD = gnu11;
				GCC_NO_COMMON_BLOCKS = YES;
				GCC_WARN_64_TO_32_BIT_CONVERSION = YES;
				GCC_WARN_ABOUT_RETURN_TYPE = YES_ERROR;
				GCC_WARN_UNDECLARED_SELECTOR = YES;
				GCC_WARN_UNINITIALIZED_AUTOS = YES_AGGRESSIVE;
				GCC_WARN_UNUSED_FUNCTION = YES;
				GCC_WARN_UNUSED_VARIABLE = YES;
				IPHONEOS_DEPLOYMENT_TARGET = 16.0;
				MTL_ENABLE_DEBUG_INFO = NO;
				MTL_FAST_MATH = YES;
				SDKROOT = iphoneos;
				SWIFT_COMPILATION_MODE = wholemodule;
				SWIFT_OPTIMIZATION_LEVEL = "-O";
				VALIDATE_PRODUCT = YES;
			};
			name = Release;
		};
		2472B52728F1FF4D00ECAC06 /* Debug */ = {
			isa = XCBuildConfiguration;
			buildSettings = {
				ASSETCATALOG_COMPILER_APPICON_NAME = AppIcon;
				ASSETCATALOG_COMPILER_GLOBAL_ACCENT_COLOR_NAME = AccentColor;
				CODE_SIGN_STYLE = Automatic;
				CURRENT_PROJECT_VERSION = 1;
				DEVELOPMENT_TEAM = 9S675N4Z9W;
				GENERATE_INFOPLIST_FILE = YES;
				INFOPLIST_FILE = Signa/Info.plist;
				INFOPLIST_KEY_UIApplicationSupportsIndirectInputEvents = YES;
				INFOPLIST_KEY_UILaunchStoryboardName = LaunchScreen;
				INFOPLIST_KEY_UIMainStoryboardFile = Main;
				INFOPLIST_KEY_UISupportedInterfaceOrientations_iPad = "UIInterfaceOrientationPortrait UIInterfaceOrientationPortraitUpsideDown UIInterfaceOrientationLandscapeLeft UIInterfaceOrientationLandscapeRight";
				INFOPLIST_KEY_UISupportedInterfaceOrientations_iPhone = "UIInterfaceOrientationPortrait UIInterfaceOrientationLandscapeLeft UIInterfaceOrientationLandscapeRight";
				LD_RUNPATH_SEARCH_PATHS = (
					"$(inherited)",
					"@executable_path/Frameworks",
				);
				MARKETING_VERSION = 1.0;
				PRODUCT_BUNDLE_IDENTIFIER = com.Signa;
				PRODUCT_NAME = "$(TARGET_NAME)";
				SWIFT_EMIT_LOC_STRINGS = YES;
				SWIFT_VERSION = 5.0;
				TARGETED_DEVICE_FAMILY = "1,2";
			};
			name = Debug;
		};
		2472B52828F1FF4D00ECAC06 /* Release */ = {
			isa = XCBuildConfiguration;
			buildSettings = {
				ASSETCATALOG_COMPILER_APPICON_NAME = AppIcon;
				ASSETCATALOG_COMPILER_GLOBAL_ACCENT_COLOR_NAME = AccentColor;
				CODE_SIGN_STYLE = Automatic;
				CURRENT_PROJECT_VERSION = 1;
				DEVELOPMENT_TEAM = 9S675N4Z9W;
				GENERATE_INFOPLIST_FILE = YES;
				INFOPLIST_FILE = Signa/Info.plist;
				INFOPLIST_KEY_UIApplicationSupportsIndirectInputEvents = YES;
				INFOPLIST_KEY_UILaunchStoryboardName = LaunchScreen;
				INFOPLIST_KEY_UIMainStoryboardFile = Main;
				INFOPLIST_KEY_UISupportedInterfaceOrientations_iPad = "UIInterfaceOrientationPortrait UIInterfaceOrientationPortraitUpsideDown UIInterfaceOrientationLandscapeLeft UIInterfaceOrientationLandscapeRight";
				INFOPLIST_KEY_UISupportedInterfaceOrientations_iPhone = "UIInterfaceOrientationPortrait UIInterfaceOrientationLandscapeLeft UIInterfaceOrientationLandscapeRight";
				LD_RUNPATH_SEARCH_PATHS = (
					"$(inherited)",
					"@executable_path/Frameworks",
				);
				MARKETING_VERSION = 1.0;
				PRODUCT_BUNDLE_IDENTIFIER = com.Signa;
				PRODUCT_NAME = "$(TARGET_NAME)";
				SWIFT_EMIT_LOC_STRINGS = YES;
				SWIFT_VERSION = 5.0;
				TARGETED_DEVICE_FAMILY = "1,2";
			};
			name = Release;
		};
		2472B52A28F1FF4D00ECAC06 /* Debug */ = {
			isa = XCBuildConfiguration;
			buildSettings = {
				ALWAYS_EMBED_SWIFT_STANDARD_LIBRARIES = YES;
				BUNDLE_LOADER = "$(TEST_HOST)";
				CODE_SIGN_STYLE = Automatic;
				CURRENT_PROJECT_VERSION = 1;
				DEVELOPMENT_TEAM = 9S675N4Z9W;
				GENERATE_INFOPLIST_FILE = YES;
				IPHONEOS_DEPLOYMENT_TARGET = 16.0;
				MARKETING_VERSION = 1.0;
				PRODUCT_BUNDLE_IDENTIFIER = com.SignaTests;
				PRODUCT_NAME = "$(TARGET_NAME)";
				SWIFT_EMIT_LOC_STRINGS = NO;
				SWIFT_VERSION = 5.0;
				TARGETED_DEVICE_FAMILY = "1,2";
				TEST_HOST = "$(BUILT_PRODUCTS_DIR)/Signa.app/$(BUNDLE_EXECUTABLE_FOLDER_PATH)/Signa";
			};
			name = Debug;
		};
		2472B52B28F1FF4D00ECAC06 /* Release */ = {
			isa = XCBuildConfiguration;
			buildSettings = {
				ALWAYS_EMBED_SWIFT_STANDARD_LIBRARIES = YES;
				BUNDLE_LOADER = "$(TEST_HOST)";
				CODE_SIGN_STYLE = Automatic;
				CURRENT_PROJECT_VERSION = 1;
				DEVELOPMENT_TEAM = 9S675N4Z9W;
				GENERATE_INFOPLIST_FILE = YES;
				IPHONEOS_DEPLOYMENT_TARGET = 16.0;
				MARKETING_VERSION = 1.0;
				PRODUCT_BUNDLE_IDENTIFIER = com.SignaTests;
				PRODUCT_NAME = "$(TARGET_NAME)";
				SWIFT_EMIT_LOC_STRINGS = NO;
				SWIFT_VERSION = 5.0;
				TARGETED_DEVICE_FAMILY = "1,2";
				TEST_HOST = "$(BUILT_PRODUCTS_DIR)/Signa.app/$(BUNDLE_EXECUTABLE_FOLDER_PATH)/Signa";
			};
			name = Release;
		};
		2472B52D28F1FF4D00ECAC06 /* Debug */ = {
			isa = XCBuildConfiguration;
			buildSettings = {
				ALWAYS_EMBED_SWIFT_STANDARD_LIBRARIES = YES;
				CODE_SIGN_STYLE = Automatic;
				CURRENT_PROJECT_VERSION = 1;
				DEVELOPMENT_TEAM = 9S675N4Z9W;
				GENERATE_INFOPLIST_FILE = YES;
				MARKETING_VERSION = 1.0;
				PRODUCT_BUNDLE_IDENTIFIER = com.SignaUITests;
				PRODUCT_NAME = "$(TARGET_NAME)";
				SWIFT_EMIT_LOC_STRINGS = NO;
				SWIFT_VERSION = 5.0;
				TARGETED_DEVICE_FAMILY = "1,2";
				TEST_TARGET_NAME = Signa;
			};
			name = Debug;
		};
		2472B52E28F1FF4D00ECAC06 /* Release */ = {
			isa = XCBuildConfiguration;
			buildSettings = {
				ALWAYS_EMBED_SWIFT_STANDARD_LIBRARIES = YES;
				CODE_SIGN_STYLE = Automatic;
				CURRENT_PROJECT_VERSION = 1;
				DEVELOPMENT_TEAM = 9S675N4Z9W;
				GENERATE_INFOPLIST_FILE = YES;
				MARKETING_VERSION = 1.0;
				PRODUCT_BUNDLE_IDENTIFIER = com.SignaUITests;
				PRODUCT_NAME = "$(TARGET_NAME)";
				SWIFT_EMIT_LOC_STRINGS = NO;
				SWIFT_VERSION = 5.0;
				TARGETED_DEVICE_FAMILY = "1,2";
				TEST_TARGET_NAME = Signa;
			};
			name = Release;
		};
/* End XCBuildConfiguration section */

/* Begin XCConfigurationList section */
		2472B4F428F1FF4B00ECAC06 /* Build configuration list for PBXProject "Signa" */ = {
			isa = XCConfigurationList;
			buildConfigurations = (
				2472B52428F1FF4D00ECAC06 /* Debug */,
				2472B52528F1FF4D00ECAC06 /* Release */,
			);
			defaultConfigurationIsVisible = 0;
			defaultConfigurationName = Release;
		};
		2472B52628F1FF4D00ECAC06 /* Build configuration list for PBXNativeTarget "Signa" */ = {
			isa = XCConfigurationList;
			buildConfigurations = (
				2472B52728F1FF4D00ECAC06 /* Debug */,
				2472B52828F1FF4D00ECAC06 /* Release */,
			);
			defaultConfigurationIsVisible = 0;
			defaultConfigurationName = Release;
		};
		2472B52928F1FF4D00ECAC06 /* Build configuration list for PBXNativeTarget "SignaTests" */ = {
			isa = XCConfigurationList;
			buildConfigurations = (
				2472B52A28F1FF4D00ECAC06 /* Debug */,
				2472B52B28F1FF4D00ECAC06 /* Release */,
			);
			defaultConfigurationIsVisible = 0;
			defaultConfigurationName = Release;
		};
		2472B52C28F1FF4D00ECAC06 /* Build configuration list for PBXNativeTarget "SignaUITests" */ = {
			isa = XCConfigurationList;
			buildConfigurations = (
				2472B52D28F1FF4D00ECAC06 /* Debug */,
				2472B52E28F1FF4D00ECAC06 /* Release */,
			);
			defaultConfigurationIsVisible = 0;
			defaultConfigurationName = Release;
		};
/* End XCConfigurationList section */

/* Begin XCVersionGroup section */
		2472B50528F1FF4B00ECAC06 /* Signa.xcdatamodeld */ = {
			isa = XCVersionGroup;
			children = (
				2472B50628F1FF4B00ECAC06 /* Signa.xcdatamodel */,
			);
			currentVersion = 2472B50628F1FF4B00ECAC06 /* Signa.xcdatamodel */;
			path = Signa.xcdatamodeld;
			sourceTree = "<group>";
			versionGroupType = wrapper.xcdatamodel;
		};
/* End XCVersionGroup section */
	};
	rootObject = 2472B4F128F1FF4B00ECAC06 /* Project object */;
}
