// !$*UTF8*$!
{
	archiveVersion = 1;
	classes = {
	};
	objectVersion = 56;
	objects = {

/* Begin PBXBuildFile section */
		244FAF24291C56E80052B84C /* loginswiftApp.swift in Sources */ = {isa = PBXBuildFile; fileRef = 244FAF23291C56E80052B84C /* loginswiftApp.swift */; };
		244FAF26291C56E80052B84C /* ContentView.swift in Sources */ = {isa = PBXBuildFile; fileRef = 244FAF25291C56E80052B84C /* ContentView.swift */; };
		244FAF28291C56E90052B84C /* Assets.xcassets in Resources */ = {isa = PBXBuildFile; fileRef = 244FAF27291C56E90052B84C /* Assets.xcassets */; };
		244FAF2B291C56E90052B84C /* Preview Assets.xcassets in Resources */ = {isa = PBXBuildFile; fileRef = 244FAF2A291C56E90052B84C /* Preview Assets.xcassets */; };
		244FAF2D291C56E90052B84C /* Persistence.swift in Sources */ = {isa = PBXBuildFile; fileRef = 244FAF2C291C56E90052B84C /* Persistence.swift */; };
		244FAF30291C56E90052B84C /* loginswift.xcdatamodeld in Sources */ = {isa = PBXBuildFile; fileRef = 244FAF2E291C56E90052B84C /* loginswift.xcdatamodeld */; };
		244FAF3A291C56EA0052B84C /* loginswiftTests.swift in Sources */ = {isa = PBXBuildFile; fileRef = 244FAF39291C56EA0052B84C /* loginswiftTests.swift */; };
		244FAF44291C56EA0052B84C /* loginswiftUITests.swift in Sources */ = {isa = PBXBuildFile; fileRef = 244FAF43291C56EA0052B84C /* loginswiftUITests.swift */; };
		244FAF46291C56EA0052B84C /* loginswiftUITestsLaunchTests.swift in Sources */ = {isa = PBXBuildFile; fileRef = 244FAF45291C56EA0052B84C /* loginswiftUITestsLaunchTests.swift */; };
		244FAF71291C6AF60052B84C /* SecondView.swift in Sources */ = {isa = PBXBuildFile; fileRef = 244FAF70291C6AF60052B84C /* SecondView.swift */; };
		DBD535A4291C76F600C51E69 /* Login.swift in Sources */ = {isa = PBXBuildFile; fileRef = DBD535A3291C76F600C51E69 /* Login.swift */; };
		DBD535A5291C76F600C51E69 /* Login.swift in Sources */ = {isa = PBXBuildFile; fileRef = DBD535A3291C76F600C51E69 /* Login.swift */; };
		DBD535A6291C76F600C51E69 /* Login.swift in Sources */ = {isa = PBXBuildFile; fileRef = DBD535A3291C76F600C51E69 /* Login.swift */; };
		DBD535A8291C7EE700C51E69 /* Main.swift in Sources */ = {isa = PBXBuildFile; fileRef = DBD535A7291C7EE700C51E69 /* Main.swift */; };
		DBD535A9291C7EE700C51E69 /* Main.swift in Sources */ = {isa = PBXBuildFile; fileRef = DBD535A7291C7EE700C51E69 /* Main.swift */; };
		DBD535AA291C7EE700C51E69 /* Main.swift in Sources */ = {isa = PBXBuildFile; fileRef = DBD535A7291C7EE700C51E69 /* Main.swift */; };
		DBD535AC291C7F6500C51E69 /* SignUp.swift in Sources */ = {isa = PBXBuildFile; fileRef = DBD535AB291C7F6500C51E69 /* SignUp.swift */; };
		DBD535AD291C7F6500C51E69 /* SignUp.swift in Sources */ = {isa = PBXBuildFile; fileRef = DBD535AB291C7F6500C51E69 /* SignUp.swift */; };
		DBD535AE291C7F6500C51E69 /* SignUp.swift in Sources */ = {isa = PBXBuildFile; fileRef = DBD535AB291C7F6500C51E69 /* SignUp.swift */; };
		DBD535B0291C97F200C51E69 /* Globalvariables.swift in Sources */ = {isa = PBXBuildFile; fileRef = DBD535AF291C97F200C51E69 /* Globalvariables.swift */; };
/* End PBXBuildFile section */

/* Begin PBXContainerItemProxy section */
		244FAF36291C56EA0052B84C /* PBXContainerItemProxy */ = {
			isa = PBXContainerItemProxy;
			containerPortal = 244FAF18291C56E80052B84C /* Project object */;
			proxyType = 1;
			remoteGlobalIDString = 244FAF1F291C56E80052B84C;
			remoteInfo = loginswift;
		};
		244FAF40291C56EA0052B84C /* PBXContainerItemProxy */ = {
			isa = PBXContainerItemProxy;
			containerPortal = 244FAF18291C56E80052B84C /* Project object */;
			proxyType = 1;
			remoteGlobalIDString = 244FAF1F291C56E80052B84C;
			remoteInfo = loginswift;
		};
/* End PBXContainerItemProxy section */

/* Begin PBXFileReference section */
		244FAF20291C56E80052B84C /* loginswift.app */ = {isa = PBXFileReference; explicitFileType = wrapper.application; includeInIndex = 0; path = loginswift.app; sourceTree = BUILT_PRODUCTS_DIR; };
		244FAF23291C56E80052B84C /* loginswiftApp.swift */ = {isa = PBXFileReference; lastKnownFileType = sourcecode.swift; path = loginswiftApp.swift; sourceTree = "<group>"; };
		244FAF25291C56E80052B84C /* ContentView.swift */ = {isa = PBXFileReference; lastKnownFileType = sourcecode.swift; path = ContentView.swift; sourceTree = "<group>"; };
		244FAF27291C56E90052B84C /* Assets.xcassets */ = {isa = PBXFileReference; lastKnownFileType = folder.assetcatalog; path = Assets.xcassets; sourceTree = "<group>"; };
		244FAF2A291C56E90052B84C /* Preview Assets.xcassets */ = {isa = PBXFileReference; lastKnownFileType = folder.assetcatalog; path = "Preview Assets.xcassets"; sourceTree = "<group>"; };
		244FAF2C291C56E90052B84C /* Persistence.swift */ = {isa = PBXFileReference; lastKnownFileType = sourcecode.swift; path = Persistence.swift; sourceTree = "<group>"; };
		244FAF2F291C56E90052B84C /* loginswift.xcdatamodel */ = {isa = PBXFileReference; lastKnownFileType = wrapper.xcdatamodel; path = loginswift.xcdatamodel; sourceTree = "<group>"; };
		244FAF35291C56EA0052B84C /* loginswiftTests.xctest */ = {isa = PBXFileReference; explicitFileType = wrapper.cfbundle; includeInIndex = 0; path = loginswiftTests.xctest; sourceTree = BUILT_PRODUCTS_DIR; };
		244FAF39291C56EA0052B84C /* loginswiftTests.swift */ = {isa = PBXFileReference; lastKnownFileType = sourcecode.swift; path = loginswiftTests.swift; sourceTree = "<group>"; };
		244FAF3F291C56EA0052B84C /* loginswiftUITests.xctest */ = {isa = PBXFileReference; explicitFileType = wrapper.cfbundle; includeInIndex = 0; path = loginswiftUITests.xctest; sourceTree = BUILT_PRODUCTS_DIR; };
		244FAF43291C56EA0052B84C /* loginswiftUITests.swift */ = {isa = PBXFileReference; lastKnownFileType = sourcecode.swift; path = loginswiftUITests.swift; sourceTree = "<group>"; };
		244FAF45291C56EA0052B84C /* loginswiftUITestsLaunchTests.swift */ = {isa = PBXFileReference; lastKnownFileType = sourcecode.swift; path = loginswiftUITestsLaunchTests.swift; sourceTree = "<group>"; };
		244FAF70291C6AF60052B84C /* SecondView.swift */ = {isa = PBXFileReference; lastKnownFileType = sourcecode.swift; path = SecondView.swift; sourceTree = "<group>"; };
		DBD535A3291C76F600C51E69 /* Login.swift */ = {isa = PBXFileReference; lastKnownFileType = sourcecode.swift; path = Login.swift; sourceTree = "<group>"; };
		DBD535A7291C7EE700C51E69 /* Main.swift */ = {isa = PBXFileReference; lastKnownFileType = sourcecode.swift; path = Main.swift; sourceTree = "<group>"; };
		DBD535AB291C7F6500C51E69 /* SignUp.swift */ = {isa = PBXFileReference; lastKnownFileType = sourcecode.swift; path = SignUp.swift; sourceTree = "<group>"; };
		DBD535AF291C97F200C51E69 /* Globalvariables.swift */ = {isa = PBXFileReference; lastKnownFileType = sourcecode.swift; path = Globalvariables.swift; sourceTree = "<group>"; };
/* End PBXFileReference section */

/* Begin PBXFrameworksBuildPhase section */
		244FAF1D291C56E80052B84C /* Frameworks */ = {
			isa = PBXFrameworksBuildPhase;
			buildActionMask = 2147483647;
			files = (
			);
			runOnlyForDeploymentPostprocessing = 0;
		};
		244FAF32291C56EA0052B84C /* Frameworks */ = {
			isa = PBXFrameworksBuildPhase;
			buildActionMask = 2147483647;
			files = (
			);
			runOnlyForDeploymentPostprocessing = 0;
		};
		244FAF3C291C56EA0052B84C /* Frameworks */ = {
			isa = PBXFrameworksBuildPhase;
			buildActionMask = 2147483647;
			files = (
			);
			runOnlyForDeploymentPostprocessing = 0;
		};
/* End PBXFrameworksBuildPhase section */

/* Begin PBXGroup section */
		244FAF17291C56E80052B84C = {
			isa = PBXGroup;
			children = (
				244FAF22291C56E80052B84C /* loginswift */,
				244FAF38291C56EA0052B84C /* loginswiftTests */,
				244FAF42291C56EA0052B84C /* loginswiftUITests */,
				244FAF21291C56E80052B84C /* Products */,
			);
			sourceTree = "<group>";
		};
		244FAF21291C56E80052B84C /* Products */ = {
			isa = PBXGroup;
			children = (
				244FAF20291C56E80052B84C /* loginswift.app */,
				244FAF35291C56EA0052B84C /* loginswiftTests.xctest */,
				244FAF3F291C56EA0052B84C /* loginswiftUITests.xctest */,
			);
			name = Products;
			sourceTree = "<group>";
		};
		244FAF22291C56E80052B84C /* loginswift */ = {
			isa = PBXGroup;
			children = (
				244FAF23291C56E80052B84C /* loginswiftApp.swift */,
				244FAF25291C56E80052B84C /* ContentView.swift */,
				DBD535AB291C7F6500C51E69 /* SignUp.swift */,
				DBD535AF291C97F200C51E69 /* Globalvariables.swift */,
				DBD535A3291C76F600C51E69 /* Login.swift */,
				DBD535A7291C7EE700C51E69 /* Main.swift */,
				244FAF27291C56E90052B84C /* Assets.xcassets */,
				244FAF70291C6AF60052B84C /* SecondView.swift */,
				244FAF2C291C56E90052B84C /* Persistence.swift */,
				244FAF2E291C56E90052B84C /* loginswift.xcdatamodeld */,
				244FAF29291C56E90052B84C /* Preview Content */,
			);
			path = loginswift;
			sourceTree = "<group>";
		};
		244FAF29291C56E90052B84C /* Preview Content */ = {
			isa = PBXGroup;
			children = (
				244FAF2A291C56E90052B84C /* Preview Assets.xcassets */,
			);
			path = "Preview Content";
			sourceTree = "<group>";
		};
		244FAF38291C56EA0052B84C /* loginswiftTests */ = {
			isa = PBXGroup;
			children = (
				244FAF39291C56EA0052B84C /* loginswiftTests.swift */,
			);
			path = loginswiftTests;
			sourceTree = "<group>";
		};
		244FAF42291C56EA0052B84C /* loginswiftUITests */ = {
			isa = PBXGroup;
			children = (
				244FAF43291C56EA0052B84C /* loginswiftUITests.swift */,
				244FAF45291C56EA0052B84C /* loginswiftUITestsLaunchTests.swift */,
			);
			path = loginswiftUITests;
			sourceTree = "<group>";
		};
/* End PBXGroup section */

/* Begin PBXNativeTarget section */
		244FAF1F291C56E80052B84C /* loginswift */ = {
			isa = PBXNativeTarget;
			buildConfigurationList = 244FAF49291C56EA0052B84C /* Build configuration list for PBXNativeTarget "loginswift" */;
			buildPhases = (
				244FAF1C291C56E80052B84C /* Sources */,
				244FAF1D291C56E80052B84C /* Frameworks */,
				244FAF1E291C56E80052B84C /* Resources */,
			);
			buildRules = (
			);
			dependencies = (
			);
			name = loginswift;
			productName = loginswift;
			productReference = 244FAF20291C56E80052B84C /* loginswift.app */;
			productType = "com.apple.product-type.application";
		};
		244FAF34291C56EA0052B84C /* loginswiftTests */ = {
			isa = PBXNativeTarget;
			buildConfigurationList = 244FAF4C291C56EA0052B84C /* Build configuration list for PBXNativeTarget "loginswiftTests" */;
			buildPhases = (
				244FAF31291C56EA0052B84C /* Sources */,
				244FAF32291C56EA0052B84C /* Frameworks */,
				244FAF33291C56EA0052B84C /* Resources */,
			);
			buildRules = (
			);
			dependencies = (
				244FAF37291C56EA0052B84C /* PBXTargetDependency */,
			);
			name = loginswiftTests;
			productName = loginswiftTests;
			productReference = 244FAF35291C56EA0052B84C /* loginswiftTests.xctest */;
			productType = "com.apple.product-type.bundle.unit-test";
		};
		244FAF3E291C56EA0052B84C /* loginswiftUITests */ = {
			isa = PBXNativeTarget;
			buildConfigurationList = 244FAF4F291C56EA0052B84C /* Build configuration list for PBXNativeTarget "loginswiftUITests" */;
			buildPhases = (
				244FAF3B291C56EA0052B84C /* Sources */,
				244FAF3C291C56EA0052B84C /* Frameworks */,
				244FAF3D291C56EA0052B84C /* Resources */,
			);
			buildRules = (
			);
			dependencies = (
				244FAF41291C56EA0052B84C /* PBXTargetDependency */,
			);
			name = loginswiftUITests;
			productName = loginswiftUITests;
			productReference = 244FAF3F291C56EA0052B84C /* loginswiftUITests.xctest */;
			productType = "com.apple.product-type.bundle.ui-testing";
		};
/* End PBXNativeTarget section */

/* Begin PBXProject section */
		244FAF18291C56E80052B84C /* Project object */ = {
			isa = PBXProject;
			attributes = {
				BuildIndependentTargetsInParallel = 1;
				LastSwiftUpdateCheck = 1410;
				LastUpgradeCheck = 1410;
				TargetAttributes = {
					244FAF1F291C56E80052B84C = {
						CreatedOnToolsVersion = 14.1;
					};
					244FAF34291C56EA0052B84C = {
						CreatedOnToolsVersion = 14.1;
						TestTargetID = 244FAF1F291C56E80052B84C;
					};
					244FAF3E291C56EA0052B84C = {
						CreatedOnToolsVersion = 14.1;
						TestTargetID = 244FAF1F291C56E80052B84C;
					};
				};
			};
			buildConfigurationList = 244FAF1B291C56E80052B84C /* Build configuration list for PBXProject "loginswift" */;
			compatibilityVersion = "Xcode 14.0";
			developmentRegion = en;
			hasScannedForEncodings = 0;
			knownRegions = (
				en,
				Base,
			);
			mainGroup = 244FAF17291C56E80052B84C;
			packageReferences = (
				DBD535B1291C998D00C51E69 /* XCRemoteSwiftPackageReference "uikit" */,
			);
			productRefGroup = 244FAF21291C56E80052B84C /* Products */;
			projectDirPath = "";
			projectRoot = "";
			targets = (
				244FAF1F291C56E80052B84C /* loginswift */,
				244FAF34291C56EA0052B84C /* loginswiftTests */,
				244FAF3E291C56EA0052B84C /* loginswiftUITests */,
			);
		};
/* End PBXProject section */

/* Begin PBXResourcesBuildPhase section */
		244FAF1E291C56E80052B84C /* Resources */ = {
			isa = PBXResourcesBuildPhase;
			buildActionMask = 2147483647;
			files = (
				244FAF2B291C56E90052B84C /* Preview Assets.xcassets in Resources */,
				244FAF28291C56E90052B84C /* Assets.xcassets in Resources */,
			);
			runOnlyForDeploymentPostprocessing = 0;
		};
		244FAF33291C56EA0052B84C /* Resources */ = {
			isa = PBXResourcesBuildPhase;
			buildActionMask = 2147483647;
			files = (
			);
			runOnlyForDeploymentPostprocessing = 0;
		};
		244FAF3D291C56EA0052B84C /* Resources */ = {
			isa = PBXResourcesBuildPhase;
			buildActionMask = 2147483647;
			files = (
			);
			runOnlyForDeploymentPostprocessing = 0;
		};
/* End PBXResourcesBuildPhase section */

/* Begin PBXSourcesBuildPhase section */
		244FAF1C291C56E80052B84C /* Sources */ = {
			isa = PBXSourcesBuildPhase;
			buildActionMask = 2147483647;
			files = (
				244FAF2D291C56E90052B84C /* Persistence.swift in Sources */,
				244FAF71291C6AF60052B84C /* SecondView.swift in Sources */,
				244FAF30291C56E90052B84C /* loginswift.xcdatamodeld in Sources */,
				DBD535B0291C97F200C51E69 /* Globalvariables.swift in Sources */,
				DBD535A4291C76F600C51E69 /* Login.swift in Sources */,
				244FAF26291C56E80052B84C /* ContentView.swift in Sources */,
				DBD535AC291C7F6500C51E69 /* SignUp.swift in Sources */,
				DBD535A8291C7EE700C51E69 /* Main.swift in Sources */,
				244FAF24291C56E80052B84C /* loginswiftApp.swift in Sources */,
			);
			runOnlyForDeploymentPostprocessing = 0;
		};
		244FAF31291C56EA0052B84C /* Sources */ = {
			isa = PBXSourcesBuildPhase;
			buildActionMask = 2147483647;
			files = (
				DBD535A9291C7EE700C51E69 /* Main.swift in Sources */,
				DBD535AD291C7F6500C51E69 /* SignUp.swift in Sources */,
				244FAF3A291C56EA0052B84C /* loginswiftTests.swift in Sources */,
				DBD535A5291C76F600C51E69 /* Login.swift in Sources */,
			);
			runOnlyForDeploymentPostprocessing = 0;
		};
		244FAF3B291C56EA0052B84C /* Sources */ = {
			isa = PBXSourcesBuildPhase;
			buildActionMask = 2147483647;
			files = (
				DBD535A6291C76F600C51E69 /* Login.swift in Sources */,
				244FAF46291C56EA0052B84C /* loginswiftUITestsLaunchTests.swift in Sources */,
				DBD535AA291C7EE700C51E69 /* Main.swift in Sources */,
				244FAF44291C56EA0052B84C /* loginswiftUITests.swift in Sources */,
				DBD535AE291C7F6500C51E69 /* SignUp.swift in Sources */,
			);
			runOnlyForDeploymentPostprocessing = 0;
		};
/* End PBXSourcesBuildPhase section */

/* Begin PBXTargetDependency section */
		244FAF37291C56EA0052B84C /* PBXTargetDependency */ = {
			isa = PBXTargetDependency;
			target = 244FAF1F291C56E80052B84C /* loginswift */;
			targetProxy = 244FAF36291C56EA0052B84C /* PBXContainerItemProxy */;
		};
		244FAF41291C56EA0052B84C /* PBXTargetDependency */ = {
			isa = PBXTargetDependency;
			target = 244FAF1F291C56E80052B84C /* loginswift */;
			targetProxy = 244FAF40291C56EA0052B84C /* PBXContainerItemProxy */;
		};
/* End PBXTargetDependency section */

/* Begin XCBuildConfiguration section */
		244FAF47291C56EA0052B84C /* Debug */ = {
			isa = XCBuildConfiguration;
			buildSettings = {
				ALWAYS_SEARCH_USER_PATHS = NO;
				CLANG_ANALYZER_NONNULL = YES;
				CLANG_ANALYZER_NUMBER_OBJECT_CONVERSION = YES_AGGRESSIVE;
				CLANG_CXX_LANGUAGE_STANDARD = "gnu++20";
				CLANG_ENABLE_MODULES = YES;
				CLANG_ENABLE_OBJC_ARC = YES;
				CLANG_ENABLE_OBJC_WEAK = YES;
				CLANG_WARN_BLOCK_CAPTURE_AUTORELEASING = YES;
				CLANG_WARN_BOOL_CONVERSION = YES;
				CLANG_WARN_COMMA = YES;
				CLANG_WARN_CONSTANT_CONVERSION = YES;
				CLANG_WARN_DEPRECATED_OBJC_IMPLEMENTATIONS = YES;
				CLANG_WARN_DIRECT_OBJC_ISA_USAGE = YES_ERROR;
				CLANG_WARN_DOCUMENTATION_COMMENTS = YES;
				CLANG_WARN_EMPTY_BODY = YES;
				CLANG_WARN_ENUM_CONVERSION = YES;
				CLANG_WARN_INFINITE_RECURSION = YES;
				CLANG_WARN_INT_CONVERSION = YES;
				CLANG_WARN_NON_LITERAL_NULL_CONVERSION = YES;
				CLANG_WARN_OBJC_IMPLICIT_RETAIN_SELF = YES;
				CLANG_WARN_OBJC_LITERAL_CONVERSION = YES;
				CLANG_WARN_OBJC_ROOT_CLASS = YES_ERROR;
				CLANG_WARN_QUOTED_INCLUDE_IN_FRAMEWORK_HEADER = YES;
				CLANG_WARN_RANGE_LOOP_ANALYSIS = YES;
				CLANG_WARN_STRICT_PROTOTYPES = YES;
				CLANG_WARN_SUSPICIOUS_MOVE = YES;
				CLANG_WARN_UNGUARDED_AVAILABILITY = YES_AGGRESSIVE;
				CLANG_WARN_UNREACHABLE_CODE = YES;
				CLANG_WARN__DUPLICATE_METHOD_MATCH = YES;
				COPY_PHASE_STRIP = NO;
				DEBUG_INFORMATION_FORMAT = dwarf;
				ENABLE_STRICT_OBJC_MSGSEND = YES;
				ENABLE_TESTABILITY = YES;
				GCC_C_LANGUAGE_STANDARD = gnu11;
				GCC_DYNAMIC_NO_PIC = NO;
				GCC_NO_COMMON_BLOCKS = YES;
				GCC_OPTIMIZATION_LEVEL = 0;
				GCC_PREPROCESSOR_DEFINITIONS = (
					"DEBUG=1",
					"$(inherited)",
				);
				GCC_WARN_64_TO_32_BIT_CONVERSION = YES;
				GCC_WARN_ABOUT_RETURN_TYPE = YES_ERROR;
				GCC_WARN_UNDECLARED_SELECTOR = YES;
				GCC_WARN_UNINITIALIZED_AUTOS = YES_AGGRESSIVE;
				GCC_WARN_UNUSED_FUNCTION = YES;
				GCC_WARN_UNUSED_VARIABLE = YES;
				IPHONEOS_DEPLOYMENT_TARGET = 16.1;
				MTL_ENABLE_DEBUG_INFO = INCLUDE_SOURCE;
				MTL_FAST_MATH = YES;
				ONLY_ACTIVE_ARCH = YES;
				SDKROOT = iphoneos;
				SWIFT_ACTIVE_COMPILATION_CONDITIONS = DEBUG;
				SWIFT_OPTIMIZATION_LEVEL = "-Onone";
			};
			name = Debug;
		};
		244FAF48291C56EA0052B84C /* Release */ = {
			isa = XCBuildConfiguration;
			buildSettings = {
				ALWAYS_SEARCH_USER_PATHS = NO;
				CLANG_ANALYZER_NONNULL = YES;
				CLANG_ANALYZER_NUMBER_OBJECT_CONVERSION = YES_AGGRESSIVE;
				CLANG_CXX_LANGUAGE_STANDARD = "gnu++20";
				CLANG_ENABLE_MODULES = YES;
				CLANG_ENABLE_OBJC_ARC = YES;
				CLANG_ENABLE_OBJC_WEAK = YES;
				CLANG_WARN_BLOCK_CAPTURE_AUTORELEASING = YES;
				CLANG_WARN_BOOL_CONVERSION = YES;
				CLANG_WARN_COMMA = YES;
				CLANG_WARN_CONSTANT_CONVERSION = YES;
				CLANG_WARN_DEPRECATED_OBJC_IMPLEMENTATIONS = YES;
				CLANG_WARN_DIRECT_OBJC_ISA_USAGE = YES_ERROR;
				CLANG_WARN_DOCUMENTATION_COMMENTS = YES;
				CLANG_WARN_EMPTY_BODY = YES;
				CLANG_WARN_ENUM_CONVERSION = YES;
				CLANG_WARN_INFINITE_RECURSION = YES;
				CLANG_WARN_INT_CONVERSION = YES;
				CLANG_WARN_NON_LITERAL_NULL_CONVERSION = YES;
				CLANG_WARN_OBJC_IMPLICIT_RETAIN_SELF = YES;
				CLANG_WARN_OBJC_LITERAL_CONVERSION = YES;
				CLANG_WARN_OBJC_ROOT_CLASS = YES_ERROR;
				CLANG_WARN_QUOTED_INCLUDE_IN_FRAMEWORK_HEADER = YES;
				CLANG_WARN_RANGE_LOOP_ANALYSIS = YES;
				CLANG_WARN_STRICT_PROTOTYPES = YES;
				CLANG_WARN_SUSPICIOUS_MOVE = YES;
				CLANG_WARN_UNGUARDED_AVAILABILITY = YES_AGGRESSIVE;
				CLANG_WARN_UNREACHABLE_CODE = YES;
				CLANG_WARN__DUPLICATE_METHOD_MATCH = YES;
				COPY_PHASE_STRIP = NO;
				DEBUG_INFORMATION_FORMAT = "dwarf-with-dsym";
				ENABLE_NS_ASSERTIONS = NO;
				ENABLE_STRICT_OBJC_MSGSEND = YES;
				GCC_C_LANGUAGE_STANDARD = gnu11;
				GCC_NO_COMMON_BLOCKS = YES;
				GCC_WARN_64_TO_32_BIT_CONVERSION = YES;
				GCC_WARN_ABOUT_RETURN_TYPE = YES_ERROR;
				GCC_WARN_UNDECLARED_SELECTOR = YES;
				GCC_WARN_UNINITIALIZED_AUTOS = YES_AGGRESSIVE;
				GCC_WARN_UNUSED_FUNCTION = YES;
				GCC_WARN_UNUSED_VARIABLE = YES;
				IPHONEOS_DEPLOYMENT_TARGET = 16.1;
				MTL_ENABLE_DEBUG_INFO = NO;
				MTL_FAST_MATH = YES;
				SDKROOT = iphoneos;
				SWIFT_COMPILATION_MODE = wholemodule;
				SWIFT_OPTIMIZATION_LEVEL = "-O";
				VALIDATE_PRODUCT = YES;
			};
			name = Release;
		};
		244FAF4A291C56EA0052B84C /* Debug */ = {
			isa = XCBuildConfiguration;
			buildSettings = {
				ASSETCATALOG_COMPILER_APPICON_NAME = AppIcon;
				ASSETCATALOG_COMPILER_GLOBAL_ACCENT_COLOR_NAME = AccentColor;
				CODE_SIGN_STYLE = Automatic;
				CURRENT_PROJECT_VERSION = 1;
				DEVELOPMENT_ASSET_PATHS = "\"loginswift/Preview Content\"";
				DEVELOPMENT_TEAM = 9S675N4Z9W;
				ENABLE_PREVIEWS = YES;
				GENERATE_INFOPLIST_FILE = YES;
				INFOPLIST_KEY_UIApplicationSceneManifest_Generation = YES;
				INFOPLIST_KEY_UIApplicationSupportsIndirectInputEvents = YES;
				INFOPLIST_KEY_UILaunchScreen_Generation = YES;
				INFOPLIST_KEY_UISupportedInterfaceOrientations_iPad = "UIInterfaceOrientationPortrait UIInterfaceOrientationPortraitUpsideDown UIInterfaceOrientationLandscapeLeft UIInterfaceOrientationLandscapeRight";
				INFOPLIST_KEY_UISupportedInterfaceOrientations_iPhone = "UIInterfaceOrientationPortrait UIInterfaceOrientationLandscapeLeft UIInterfaceOrientationLandscapeRight";
				LD_RUNPATH_SEARCH_PATHS = (
					"$(inherited)",
					"@executable_path/Frameworks",
				);
				MARKETING_VERSION = 1.0;
				PRODUCT_BUNDLE_IDENTIFIER = com.loginswift;
				PRODUCT_NAME = "$(TARGET_NAME)";
				SWIFT_EMIT_LOC_STRINGS = YES;
				SWIFT_VERSION = 5.0;
				TARGETED_DEVICE_FAMILY = "1,2";
			};
			name = Debug;
		};
		244FAF4B291C56EA0052B84C /* Release */ = {
			isa = XCBuildConfiguration;
			buildSettings = {
				ASSETCATALOG_COMPILER_APPICON_NAME = AppIcon;
				ASSETCATALOG_COMPILER_GLOBAL_ACCENT_COLOR_NAME = AccentColor;
				CODE_SIGN_STYLE = Automatic;
				CURRENT_PROJECT_VERSION = 1;
				DEVELOPMENT_ASSET_PATHS = "\"loginswift/Preview Content\"";
				DEVELOPMENT_TEAM = 9S675N4Z9W;
				ENABLE_PREVIEWS = YES;
				GENERATE_INFOPLIST_FILE = YES;
				INFOPLIST_KEY_UIApplicationSceneManifest_Generation = YES;
				INFOPLIST_KEY_UIApplicationSupportsIndirectInputEvents = YES;
				INFOPLIST_KEY_UILaunchScreen_Generation = YES;
				INFOPLIST_KEY_UISupportedInterfaceOrientations_iPad = "UIInterfaceOrientationPortrait UIInterfaceOrientationPortraitUpsideDown UIInterfaceOrientationLandscapeLeft UIInterfaceOrientationLandscapeRight";
				INFOPLIST_KEY_UISupportedInterfaceOrientations_iPhone = "UIInterfaceOrientationPortrait UIInterfaceOrientationLandscapeLeft UIInterfaceOrientationLandscapeRight";
				LD_RUNPATH_SEARCH_PATHS = (
					"$(inherited)",
					"@executable_path/Frameworks",
				);
				MARKETING_VERSION = 1.0;
				PRODUCT_BUNDLE_IDENTIFIER = com.loginswift;
				PRODUCT_NAME = "$(TARGET_NAME)";
				SWIFT_EMIT_LOC_STRINGS = YES;
				SWIFT_VERSION = 5.0;
				TARGETED_DEVICE_FAMILY = "1,2";
			};
			name = Release;
		};
		244FAF4D291C56EA0052B84C /* Debug */ = {
			isa = XCBuildConfiguration;
			buildSettings = {
				ALWAYS_EMBED_SWIFT_STANDARD_LIBRARIES = YES;
				BUNDLE_LOADER = "$(TEST_HOST)";
				CODE_SIGN_STYLE = Automatic;
				CURRENT_PROJECT_VERSION = 1;
				DEVELOPMENT_TEAM = 9S675N4Z9W;
				GENERATE_INFOPLIST_FILE = YES;
				IPHONEOS_DEPLOYMENT_TARGET = 16.1;
				MARKETING_VERSION = 1.0;
				PRODUCT_BUNDLE_IDENTIFIER = com.loginswiftTests;
				PRODUCT_NAME = "$(TARGET_NAME)";
				SWIFT_EMIT_LOC_STRINGS = NO;
				SWIFT_VERSION = 5.0;
				TARGETED_DEVICE_FAMILY = "1,2";
				TEST_HOST = "$(BUILT_PRODUCTS_DIR)/loginswift.app/$(BUNDLE_EXECUTABLE_FOLDER_PATH)/loginswift";
			};
			name = Debug;
		};
		244FAF4E291C56EA0052B84C /* Release */ = {
			isa = XCBuildConfiguration;
			buildSettings = {
				ALWAYS_EMBED_SWIFT_STANDARD_LIBRARIES = YES;
				BUNDLE_LOADER = "$(TEST_HOST)";
				CODE_SIGN_STYLE = Automatic;
				CURRENT_PROJECT_VERSION = 1;
				DEVELOPMENT_TEAM = 9S675N4Z9W;
				GENERATE_INFOPLIST_FILE = YES;
				IPHONEOS_DEPLOYMENT_TARGET = 16.1;
				MARKETING_VERSION = 1.0;
				PRODUCT_BUNDLE_IDENTIFIER = com.loginswiftTests;
				PRODUCT_NAME = "$(TARGET_NAME)";
				SWIFT_EMIT_LOC_STRINGS = NO;
				SWIFT_VERSION = 5.0;
				TARGETED_DEVICE_FAMILY = "1,2";
				TEST_HOST = "$(BUILT_PRODUCTS_DIR)/loginswift.app/$(BUNDLE_EXECUTABLE_FOLDER_PATH)/loginswift";
			};
			name = Release;
		};
		244FAF50291C56EA0052B84C /* Debug */ = {
			isa = XCBuildConfiguration;
			buildSettings = {
				ALWAYS_EMBED_SWIFT_STANDARD_LIBRARIES = YES;
				CODE_SIGN_STYLE = Automatic;
				CURRENT_PROJECT_VERSION = 1;
				DEVELOPMENT_TEAM = 9S675N4Z9W;
				GENERATE_INFOPLIST_FILE = YES;
				MARKETING_VERSION = 1.0;
				PRODUCT_BUNDLE_IDENTIFIER = com.loginswiftUITests;
				PRODUCT_NAME = "$(TARGET_NAME)";
				SWIFT_EMIT_LOC_STRINGS = NO;
				SWIFT_VERSION = 5.0;
				TARGETED_DEVICE_FAMILY = "1,2";
				TEST_TARGET_NAME = loginswift;
			};
			name = Debug;
		};
		244FAF51291C56EA0052B84C /* Release */ = {
			isa = XCBuildConfiguration;
			buildSettings = {
				ALWAYS_EMBED_SWIFT_STANDARD_LIBRARIES = YES;
				CODE_SIGN_STYLE = Automatic;
				CURRENT_PROJECT_VERSION = 1;
				DEVELOPMENT_TEAM = 9S675N4Z9W;
				GENERATE_INFOPLIST_FILE = YES;
				MARKETING_VERSION = 1.0;
				PRODUCT_BUNDLE_IDENTIFIER = com.loginswiftUITests;
				PRODUCT_NAME = "$(TARGET_NAME)";
				SWIFT_EMIT_LOC_STRINGS = NO;
				SWIFT_VERSION = 5.0;
				TARGETED_DEVICE_FAMILY = "1,2";
				TEST_TARGET_NAME = loginswift;
			};
			name = Release;
		};
/* End XCBuildConfiguration section */

/* Begin XCConfigurationList section */
		244FAF1B291C56E80052B84C /* Build configuration list for PBXProject "loginswift" */ = {
			isa = XCConfigurationList;
			buildConfigurations = (
				244FAF47291C56EA0052B84C /* Debug */,
				244FAF48291C56EA0052B84C /* Release */,
			);
			defaultConfigurationIsVisible = 0;
			defaultConfigurationName = Release;
		};
		244FAF49291C56EA0052B84C /* Build configuration list for PBXNativeTarget "loginswift" */ = {
			isa = XCConfigurationList;
			buildConfigurations = (
				244FAF4A291C56EA0052B84C /* Debug */,
				244FAF4B291C56EA0052B84C /* Release */,
			);
			defaultConfigurationIsVisible = 0;
			defaultConfigurationName = Release;
		};
		244FAF4C291C56EA0052B84C /* Build configuration list for PBXNativeTarget "loginswiftTests" */ = {
			isa = XCConfigurationList;
			buildConfigurations = (
				244FAF4D291C56EA0052B84C /* Debug */,
				244FAF4E291C56EA0052B84C /* Release */,
			);
			defaultConfigurationIsVisible = 0;
			defaultConfigurationName = Release;
		};
		244FAF4F291C56EA0052B84C /* Build configuration list for PBXNativeTarget "loginswiftUITests" */ = {
			isa = XCConfigurationList;
			buildConfigurations = (
				244FAF50291C56EA0052B84C /* Debug */,
				244FAF51291C56EA0052B84C /* Release */,
			);
			defaultConfigurationIsVisible = 0;
			defaultConfigurationName = Release;
		};
/* End XCConfigurationList section */

/* Begin XCRemoteSwiftPackageReference section */
		DBD535B1291C998D00C51E69 /* XCRemoteSwiftPackageReference "uikit" */ = {
			isa = XCRemoteSwiftPackageReference;
			repositoryURL = "https://github.com/uikit/uikit";
			requirement = {
				kind = upToNextMajorVersion;
				minimumVersion = 2.0.0;
			};
		};
/* End XCRemoteSwiftPackageReference section */

/* Begin XCVersionGroup section */
		244FAF2E291C56E90052B84C /* loginswift.xcdatamodeld */ = {
			isa = XCVersionGroup;
			children = (
				244FAF2F291C56E90052B84C /* loginswift.xcdatamodel */,
			);
			currentVersion = 244FAF2F291C56E90052B84C /* loginswift.xcdatamodel */;
			path = loginswift.xcdatamodeld;
			sourceTree = "<group>";
			versionGroupType = wrapper.xcdatamodel;
		};
/* End XCVersionGroup section */
	};
	rootObject = 244FAF18291C56E80052B84C /* Project object */;
}
